// !$*UTF8*$!
{
	archiveVersion = 1;
	classes = {
	};
	objectVersion = 56;
	objects = {

/* Begin PBXBuildFile section */
		CAF59A532A7B713400813B9C /* TuringMachineApp.swift in Sources */ = {isa = PBXBuildFile; fileRef = CAF59A522A7B713400813B9C /* TuringMachineApp.swift */; };
		CAF59A572A7B713500813B9C /* Assets.xcassets in Resources */ = {isa = PBXBuildFile; fileRef = CAF59A562A7B713500813B9C /* Assets.xcassets */; };
		CAF59A5A2A7B713500813B9C /* Preview Assets.xcassets in Resources */ = {isa = PBXBuildFile; fileRef = CAF59A592A7B713500813B9C /* Preview Assets.xcassets */; };
		CAF59A722A7B8B9700813B9C /* HomeView.swift in Sources */ = {isa = PBXBuildFile; fileRef = CAF59A712A7B8B9700813B9C /* HomeView.swift */; };
		CAF59A742A7B8E4900813B9C /* CTAButton.swift in Sources */ = {isa = PBXBuildFile; fileRef = CAF59A732A7B8E4900813B9C /* CTAButton.swift */; };
		CAF59A762A7B90C700813B9C /* MainNavigation.swift in Sources */ = {isa = PBXBuildFile; fileRef = CAF59A752A7B90C700813B9C /* MainNavigation.swift */; };
		CAF59A792A7B9DE400813B9C /* RegisterView.swift in Sources */ = {isa = PBXBuildFile; fileRef = CAF59A782A7B9DE400813B9C /* RegisterView.swift */; };
		CAF59A7B2A7BA9C900813B9C /* RegisterViewModel.swift in Sources */ = {isa = PBXBuildFile; fileRef = CAF59A7A2A7BA9C900813B9C /* RegisterViewModel.swift */; };
		CAF59A7D2A7C0F4600813B9C /* NetworkManager.swift in Sources */ = {isa = PBXBuildFile; fileRef = CAF59A7C2A7C0F4600813B9C /* NetworkManager.swift */; };
		CAF59A7F2A7C16F500813B9C /* Error.swift in Sources */ = {isa = PBXBuildFile; fileRef = CAF59A7E2A7C16F500813B9C /* Error.swift */; };
		CAF59A812A7C17E100813B9C /* UserService.swift in Sources */ = {isa = PBXBuildFile; fileRef = CAF59A802A7C17E100813B9C /* UserService.swift */; };
		CAF59A832A7C182200813B9C /* Serviceable.swift in Sources */ = {isa = PBXBuildFile; fileRef = CAF59A822A7C182200813B9C /* Serviceable.swift */; };
		CAF59A852A7C187E00813B9C /* User.swift in Sources */ = {isa = PBXBuildFile; fileRef = CAF59A842A7C187E00813B9C /* User.swift */; };
		CAF59A872A7C310C00813B9C /* Defaults.swift in Sources */ = {isa = PBXBuildFile; fileRef = CAF59A862A7C310C00813B9C /* Defaults.swift */; };
		CAF59A892A7CBC1400813B9C /* GameView.swift in Sources */ = {isa = PBXBuildFile; fileRef = CAF59A882A7CBC1400813B9C /* GameView.swift */; };
		CAF59A8D2A7CD16900813B9C /* WebSocket.swift in Sources */ = {isa = PBXBuildFile; fileRef = CAF59A8C2A7CD16900813B9C /* WebSocket.swift */; };
		CAF59A8F2A7CD1D200813B9C /* GameViewModel.swift in Sources */ = {isa = PBXBuildFile; fileRef = CAF59A8E2A7CD1D200813B9C /* GameViewModel.swift */; };
		CAF59A912A7CD29100813B9C /* Problem.swift in Sources */ = {isa = PBXBuildFile; fileRef = CAF59A902A7CD29100813B9C /* Problem.swift */; };
		CAF59A932A7CD39F00813B9C /* HomeViewModel.swift in Sources */ = {isa = PBXBuildFile; fileRef = CAF59A922A7CD39F00813B9C /* HomeViewModel.swift */; };
		CAF59A952A7D0DA100813B9C /* ProblemService.swift in Sources */ = {isa = PBXBuildFile; fileRef = CAF59A942A7D0DA100813B9C /* ProblemService.swift */; };
		CAF59A972A7D159F00813B9C /* Game.swift in Sources */ = {isa = PBXBuildFile; fileRef = CAF59A962A7D159F00813B9C /* Game.swift */; };
		CAF59A992A7D160500813B9C /* GameService.swift in Sources */ = {isa = PBXBuildFile; fileRef = CAF59A982A7D160500813B9C /* GameService.swift */; };
		CAF59A9B2A7D3CC700813B9C /* ProblemSelectionView.swift in Sources */ = {isa = PBXBuildFile; fileRef = CAF59A9A2A7D3CC700813B9C /* ProblemSelectionView.swift */; };
		CAF59A9D2A7D3DD000813B9C /* LoadingView.swift in Sources */ = {isa = PBXBuildFile; fileRef = CAF59A9C2A7D3DD000813B9C /* LoadingView.swift */; };
		CAF59A9F2A7D47BD00813B9C /* ProblemSelectionViewModel.swift in Sources */ = {isa = PBXBuildFile; fileRef = CAF59A9E2A7D47BD00813B9C /* ProblemSelectionViewModel.swift */; };
		CAF59AA12A7D4E7E00813B9C /* QuestionView.swift in Sources */ = {isa = PBXBuildFile; fileRef = CAF59AA02A7D4E7E00813B9C /* QuestionView.swift */; };
		CAF59AA32A7D4ECF00813B9C /* QuestionViewModel.swift in Sources */ = {isa = PBXBuildFile; fileRef = CAF59AA22A7D4ECF00813B9C /* QuestionViewModel.swift */; };
		CAF59AA52A7EB87300813B9C /* ThumbView.swift in Sources */ = {isa = PBXBuildFile; fileRef = CAF59AA42A7EB87300813B9C /* ThumbView.swift */; };
		CAF59AA72A7EB91500813B9C /* ThumbViewModel.swift in Sources */ = {isa = PBXBuildFile; fileRef = CAF59AA62A7EB91500813B9C /* ThumbViewModel.swift */; };
		CAF59AA92A7EC13600813B9C /* ThreeDigitPicker.swift in Sources */ = {isa = PBXBuildFile; fileRef = CAF59AA82A7EC13600813B9C /* ThreeDigitPicker.swift */; };
		F10C8AF7971593AC1981D339 /* Pods_TuringMachine.framework in Frameworks */ = {isa = PBXBuildFile; fileRef = AB96405E94F89CE41C438FFB /* Pods_TuringMachine.framework */; };
/* End PBXBuildFile section */

/* Begin PBXFileReference section */
		04CB4784166E4B9C3DCC71E4 /* Pods-TuringMachine.debug.xcconfig */ = {isa = PBXFileReference; includeInIndex = 1; lastKnownFileType = text.xcconfig; name = "Pods-TuringMachine.debug.xcconfig"; path = "Target Support Files/Pods-TuringMachine/Pods-TuringMachine.debug.xcconfig"; sourceTree = "<group>"; };
		9FB265AE9BDD7CEC2CC2F7E8 /* Pods-TuringMachine.release.xcconfig */ = {isa = PBXFileReference; includeInIndex = 1; lastKnownFileType = text.xcconfig; name = "Pods-TuringMachine.release.xcconfig"; path = "Target Support Files/Pods-TuringMachine/Pods-TuringMachine.release.xcconfig"; sourceTree = "<group>"; };
		AB96405E94F89CE41C438FFB /* Pods_TuringMachine.framework */ = {isa = PBXFileReference; explicitFileType = wrapper.framework; includeInIndex = 0; path = Pods_TuringMachine.framework; sourceTree = BUILT_PRODUCTS_DIR; };
		CAF59A4F2A7B713400813B9C /* TuringMachine.app */ = {isa = PBXFileReference; explicitFileType = wrapper.application; includeInIndex = 0; path = TuringMachine.app; sourceTree = BUILT_PRODUCTS_DIR; };
		CAF59A522A7B713400813B9C /* TuringMachineApp.swift */ = {isa = PBXFileReference; lastKnownFileType = sourcecode.swift; path = TuringMachineApp.swift; sourceTree = "<group>"; };
		CAF59A562A7B713500813B9C /* Assets.xcassets */ = {isa = PBXFileReference; lastKnownFileType = folder.assetcatalog; path = Assets.xcassets; sourceTree = "<group>"; };
		CAF59A592A7B713500813B9C /* Preview Assets.xcassets */ = {isa = PBXFileReference; lastKnownFileType = folder.assetcatalog; path = "Preview Assets.xcassets"; sourceTree = "<group>"; };
		CAF59A712A7B8B9700813B9C /* HomeView.swift */ = {isa = PBXFileReference; lastKnownFileType = sourcecode.swift; path = HomeView.swift; sourceTree = "<group>"; };
		CAF59A732A7B8E4900813B9C /* CTAButton.swift */ = {isa = PBXFileReference; lastKnownFileType = sourcecode.swift; path = CTAButton.swift; sourceTree = "<group>"; };
		CAF59A752A7B90C700813B9C /* MainNavigation.swift */ = {isa = PBXFileReference; lastKnownFileType = sourcecode.swift; path = MainNavigation.swift; sourceTree = "<group>"; };
		CAF59A782A7B9DE400813B9C /* RegisterView.swift */ = {isa = PBXFileReference; lastKnownFileType = sourcecode.swift; path = RegisterView.swift; sourceTree = "<group>"; };
		CAF59A7A2A7BA9C900813B9C /* RegisterViewModel.swift */ = {isa = PBXFileReference; lastKnownFileType = sourcecode.swift; path = RegisterViewModel.swift; sourceTree = "<group>"; };
		CAF59A7C2A7C0F4600813B9C /* NetworkManager.swift */ = {isa = PBXFileReference; lastKnownFileType = sourcecode.swift; path = NetworkManager.swift; sourceTree = "<group>"; };
		CAF59A7E2A7C16F500813B9C /* Error.swift */ = {isa = PBXFileReference; lastKnownFileType = sourcecode.swift; path = Error.swift; sourceTree = "<group>"; };
		CAF59A802A7C17E100813B9C /* UserService.swift */ = {isa = PBXFileReference; lastKnownFileType = sourcecode.swift; path = UserService.swift; sourceTree = "<group>"; };
		CAF59A822A7C182200813B9C /* Serviceable.swift */ = {isa = PBXFileReference; lastKnownFileType = sourcecode.swift; path = Serviceable.swift; sourceTree = "<group>"; };
		CAF59A842A7C187E00813B9C /* User.swift */ = {isa = PBXFileReference; lastKnownFileType = sourcecode.swift; path = User.swift; sourceTree = "<group>"; };
		CAF59A862A7C310C00813B9C /* Defaults.swift */ = {isa = PBXFileReference; lastKnownFileType = sourcecode.swift; path = Defaults.swift; sourceTree = "<group>"; };
		CAF59A882A7CBC1400813B9C /* GameView.swift */ = {isa = PBXFileReference; lastKnownFileType = sourcecode.swift; path = GameView.swift; sourceTree = "<group>"; };
		CAF59A8C2A7CD16900813B9C /* WebSocket.swift */ = {isa = PBXFileReference; lastKnownFileType = sourcecode.swift; path = WebSocket.swift; sourceTree = "<group>"; };
		CAF59A8E2A7CD1D200813B9C /* GameViewModel.swift */ = {isa = PBXFileReference; lastKnownFileType = sourcecode.swift; path = GameViewModel.swift; sourceTree = "<group>"; };
		CAF59A902A7CD29100813B9C /* Problem.swift */ = {isa = PBXFileReference; lastKnownFileType = sourcecode.swift; path = Problem.swift; sourceTree = "<group>"; };
		CAF59A922A7CD39F00813B9C /* HomeViewModel.swift */ = {isa = PBXFileReference; lastKnownFileType = sourcecode.swift; path = HomeViewModel.swift; sourceTree = "<group>"; };
		CAF59A942A7D0DA100813B9C /* ProblemService.swift */ = {isa = PBXFileReference; lastKnownFileType = sourcecode.swift; path = ProblemService.swift; sourceTree = "<group>"; };
		CAF59A962A7D159F00813B9C /* Game.swift */ = {isa = PBXFileReference; lastKnownFileType = sourcecode.swift; path = Game.swift; sourceTree = "<group>"; };
		CAF59A982A7D160500813B9C /* GameService.swift */ = {isa = PBXFileReference; lastKnownFileType = sourcecode.swift; path = GameService.swift; sourceTree = "<group>"; };
		CAF59A9A2A7D3CC700813B9C /* ProblemSelectionView.swift */ = {isa = PBXFileReference; lastKnownFileType = sourcecode.swift; path = ProblemSelectionView.swift; sourceTree = "<group>"; };
		CAF59A9C2A7D3DD000813B9C /* LoadingView.swift */ = {isa = PBXFileReference; lastKnownFileType = sourcecode.swift; path = LoadingView.swift; sourceTree = "<group>"; };
		CAF59A9E2A7D47BD00813B9C /* ProblemSelectionViewModel.swift */ = {isa = PBXFileReference; lastKnownFileType = sourcecode.swift; path = ProblemSelectionViewModel.swift; sourceTree = "<group>"; };
		CAF59AA02A7D4E7E00813B9C /* QuestionView.swift */ = {isa = PBXFileReference; lastKnownFileType = sourcecode.swift; path = QuestionView.swift; sourceTree = "<group>"; };
		CAF59AA22A7D4ECF00813B9C /* QuestionViewModel.swift */ = {isa = PBXFileReference; lastKnownFileType = sourcecode.swift; path = QuestionViewModel.swift; sourceTree = "<group>"; };
		CAF59AA42A7EB87300813B9C /* ThumbView.swift */ = {isa = PBXFileReference; lastKnownFileType = sourcecode.swift; path = ThumbView.swift; sourceTree = "<group>"; };
		CAF59AA62A7EB91500813B9C /* ThumbViewModel.swift */ = {isa = PBXFileReference; lastKnownFileType = sourcecode.swift; path = ThumbViewModel.swift; sourceTree = "<group>"; };
		CAF59AA82A7EC13600813B9C /* ThreeDigitPicker.swift */ = {isa = PBXFileReference; lastKnownFileType = sourcecode.swift; path = ThreeDigitPicker.swift; sourceTree = "<group>"; };
/* End PBXFileReference section */

/* Begin PBXFrameworksBuildPhase section */
		CAF59A4C2A7B713400813B9C /* Frameworks */ = {
			isa = PBXFrameworksBuildPhase;
			buildActionMask = 2147483647;
			files = (
				F10C8AF7971593AC1981D339 /* Pods_TuringMachine.framework in Frameworks */,
			);
			runOnlyForDeploymentPostprocessing = 0;
		};
/* End PBXFrameworksBuildPhase section */

/* Begin PBXGroup section */
		885087DD8681A61973AC1203 /* Pods */ = {
			isa = PBXGroup;
			children = (
				04CB4784166E4B9C3DCC71E4 /* Pods-TuringMachine.debug.xcconfig */,
				9FB265AE9BDD7CEC2CC2F7E8 /* Pods-TuringMachine.release.xcconfig */,
			);
			path = Pods;
			sourceTree = "<group>";
		};
		B84C29EFE691818628C41D94 /* Frameworks */ = {
			isa = PBXGroup;
			children = (
				AB96405E94F89CE41C438FFB /* Pods_TuringMachine.framework */,
			);
			name = Frameworks;
			sourceTree = "<group>";
		};
		CAF59A462A7B713400813B9C = {
			isa = PBXGroup;
			children = (
				CAF59A512A7B713400813B9C /* TuringMachine */,
				CAF59A502A7B713400813B9C /* Products */,
				885087DD8681A61973AC1203 /* Pods */,
				B84C29EFE691818628C41D94 /* Frameworks */,
			);
			sourceTree = "<group>";
		};
		CAF59A502A7B713400813B9C /* Products */ = {
			isa = PBXGroup;
			children = (
				CAF59A4F2A7B713400813B9C /* TuringMachine.app */,
			);
			name = Products;
			sourceTree = "<group>";
		};
		CAF59A512A7B713400813B9C /* TuringMachine */ = {
			isa = PBXGroup;
			children = (
				CAF59A6D2A7B818300813B9C /* Services */,
				CAF59A6C2A7B816E00813B9C /* ViewModels */,
				CAF59A6B2A7B816500813B9C /* Models */,
				CAF59A692A7B814600813B9C /* Views */,
				CAF59A682A7B812900813B9C /* Storage */,
				CAF59A522A7B713400813B9C /* TuringMachineApp.swift */,
				CAF59A562A7B713500813B9C /* Assets.xcassets */,
				CAF59A582A7B713500813B9C /* Preview Content */,
			);
			path = TuringMachine;
			sourceTree = "<group>";
		};
		CAF59A582A7B713500813B9C /* Preview Content */ = {
			isa = PBXGroup;
			children = (
				CAF59A592A7B713500813B9C /* Preview Assets.xcassets */,
			);
			path = "Preview Content";
			sourceTree = "<group>";
		};
		CAF59A682A7B812900813B9C /* Storage */ = {
			isa = PBXGroup;
			children = (
				CAF59A862A7C310C00813B9C /* Defaults.swift */,
			);
			path = Storage;
			sourceTree = "<group>";
		};
		CAF59A692A7B814600813B9C /* Views */ = {
			isa = PBXGroup;
			children = (
				CAF59A702A7B81AC00813B9C /* Navigation */,
				CAF59A6F2A7B81A700813B9C /* Shared */,
				CAF59A6E2A7B81A300813B9C /* Screens */,
			);
			path = Views;
			sourceTree = "<group>";
		};
		CAF59A6B2A7B816500813B9C /* Models */ = {
			isa = PBXGroup;
			children = (
				CAF59A842A7C187E00813B9C /* User.swift */,
				CAF59A902A7CD29100813B9C /* Problem.swift */,
				CAF59A962A7D159F00813B9C /* Game.swift */,
			);
			path = Models;
			sourceTree = "<group>";
		};
		CAF59A6C2A7B816E00813B9C /* ViewModels */ = {
			isa = PBXGroup;
			children = (
				CAF59A7A2A7BA9C900813B9C /* RegisterViewModel.swift */,
				CAF59A8E2A7CD1D200813B9C /* GameViewModel.swift */,
				CAF59A922A7CD39F00813B9C /* HomeViewModel.swift */,
				CAF59A9E2A7D47BD00813B9C /* ProblemSelectionViewModel.swift */,
				CAF59AA22A7D4ECF00813B9C /* QuestionViewModel.swift */,
				CAF59AA62A7EB91500813B9C /* ThumbViewModel.swift */,
			);
			path = ViewModels;
			sourceTree = "<group>";
		};
		CAF59A6D2A7B818300813B9C /* Services */ = {
			isa = PBXGroup;
			children = (
				CAF59A7C2A7C0F4600813B9C /* NetworkManager.swift */,
				CAF59A7E2A7C16F500813B9C /* Error.swift */,
				CAF59A802A7C17E100813B9C /* UserService.swift */,
				CAF59A942A7D0DA100813B9C /* ProblemService.swift */,
				CAF59A982A7D160500813B9C /* GameService.swift */,
				CAF59A822A7C182200813B9C /* Serviceable.swift */,
				CAF59A8C2A7CD16900813B9C /* WebSocket.swift */,
			);
			path = Services;
			sourceTree = "<group>";
		};
		CAF59A6E2A7B81A300813B9C /* Screens */ = {
			isa = PBXGroup;
			children = (
				CAF59A712A7B8B9700813B9C /* HomeView.swift */,
				CAF59A782A7B9DE400813B9C /* RegisterView.swift */,
				CAF59A882A7CBC1400813B9C /* GameView.swift */,
				CAF59A9C2A7D3DD000813B9C /* LoadingView.swift */,
				CAF59A9A2A7D3CC700813B9C /* ProblemSelectionView.swift */,
				CAF59AA02A7D4E7E00813B9C /* QuestionView.swift */,
				CAF59AA42A7EB87300813B9C /* ThumbView.swift */,
			);
			path = Screens;
			sourceTree = "<group>";
		};
		CAF59A6F2A7B81A700813B9C /* Shared */ = {
			isa = PBXGroup;
			children = (
				CAF59A732A7B8E4900813B9C /* CTAButton.swift */,
				CAF59AA82A7EC13600813B9C /* ThreeDigitPicker.swift */,
			);
			path = Shared;
			sourceTree = "<group>";
		};
		CAF59A702A7B81AC00813B9C /* Navigation */ = {
			isa = PBXGroup;
			children = (
				CAF59A752A7B90C700813B9C /* MainNavigation.swift */,
			);
			path = Navigation;
			sourceTree = "<group>";
		};
/* End PBXGroup section */

/* Begin PBXNativeTarget section */
		CAF59A4E2A7B713400813B9C /* TuringMachine */ = {
			isa = PBXNativeTarget;
			buildConfigurationList = CAF59A5D2A7B713500813B9C /* Build configuration list for PBXNativeTarget "TuringMachine" */;
			buildPhases = (
				1A526E992031FFECB9E68FE1 /* [CP] Check Pods Manifest.lock */,
				CAF59A612A7B7BC600813B9C /* SwiftFormat */,
				CAF59A4B2A7B713400813B9C /* Sources */,
				CAF59A4C2A7B713400813B9C /* Frameworks */,
				CAF59A4D2A7B713400813B9C /* Resources */,
				CAF59A602A7B7B8200813B9C /* SwiftLint */,
				C03F4EAD18206734B37DA5EF /* [CP] Embed Pods Frameworks */,
			);
			buildRules = (
			);
			dependencies = (
			);
			name = TuringMachine;
			productName = TuringMachine;
			productReference = CAF59A4F2A7B713400813B9C /* TuringMachine.app */;
			productType = "com.apple.product-type.application";
		};
/* End PBXNativeTarget section */

/* Begin PBXProject section */
		CAF59A472A7B713400813B9C /* Project object */ = {
			isa = PBXProject;
			attributes = {
				BuildIndependentTargetsInParallel = 1;
				LastSwiftUpdateCheck = 1430;
				LastUpgradeCheck = 1430;
				TargetAttributes = {
					CAF59A4E2A7B713400813B9C = {
						CreatedOnToolsVersion = 14.3.1;
					};
				};
			};
			buildConfigurationList = CAF59A4A2A7B713400813B9C /* Build configuration list for PBXProject "TuringMachine" */;
			compatibilityVersion = "Xcode 14.0";
			developmentRegion = en;
			hasScannedForEncodings = 0;
			knownRegions = (
				en,
				Base,
			);
			mainGroup = CAF59A462A7B713400813B9C;
			productRefGroup = CAF59A502A7B713400813B9C /* Products */;
			projectDirPath = "";
			projectRoot = "";
			targets = (
				CAF59A4E2A7B713400813B9C /* TuringMachine */,
			);
		};
/* End PBXProject section */

/* Begin PBXResourcesBuildPhase section */
		CAF59A4D2A7B713400813B9C /* Resources */ = {
			isa = PBXResourcesBuildPhase;
			buildActionMask = 2147483647;
			files = (
				CAF59A5A2A7B713500813B9C /* Preview Assets.xcassets in Resources */,
				CAF59A572A7B713500813B9C /* Assets.xcassets in Resources */,
			);
			runOnlyForDeploymentPostprocessing = 0;
		};
/* End PBXResourcesBuildPhase section */

/* Begin PBXShellScriptBuildPhase section */
		1A526E992031FFECB9E68FE1 /* [CP] Check Pods Manifest.lock */ = {
			isa = PBXShellScriptBuildPhase;
			buildActionMask = 2147483647;
			files = (
			);
			inputFileListPaths = (
			);
			inputPaths = (
				"${PODS_PODFILE_DIR_PATH}/Podfile.lock",
				"${PODS_ROOT}/Manifest.lock",
			);
			name = "[CP] Check Pods Manifest.lock";
			outputFileListPaths = (
			);
			outputPaths = (
				"$(DERIVED_FILE_DIR)/Pods-TuringMachine-checkManifestLockResult.txt",
			);
			runOnlyForDeploymentPostprocessing = 0;
			shellPath = /bin/sh;
			shellScript = "diff \"${PODS_PODFILE_DIR_PATH}/Podfile.lock\" \"${PODS_ROOT}/Manifest.lock\" > /dev/null\nif [ $? != 0 ] ; then\n    # print error to STDERR\n    echo \"error: The sandbox is not in sync with the Podfile.lock. Run 'pod install' or update your CocoaPods installation.\" >&2\n    exit 1\nfi\n# This output is used by Xcode 'outputs' to avoid re-running this script phase.\necho \"SUCCESS\" > \"${SCRIPT_OUTPUT_FILE_0}\"\n";
			showEnvVarsInLog = 0;
		};
		C03F4EAD18206734B37DA5EF /* [CP] Embed Pods Frameworks */ = {
			isa = PBXShellScriptBuildPhase;
			buildActionMask = 2147483647;
			files = (
			);
			inputFileListPaths = (
				"${PODS_ROOT}/Target Support Files/Pods-TuringMachine/Pods-TuringMachine-frameworks-${CONFIGURATION}-input-files.xcfilelist",
			);
			name = "[CP] Embed Pods Frameworks";
			outputFileListPaths = (
				"${PODS_ROOT}/Target Support Files/Pods-TuringMachine/Pods-TuringMachine-frameworks-${CONFIGURATION}-output-files.xcfilelist",
			);
			runOnlyForDeploymentPostprocessing = 0;
			shellPath = /bin/sh;
			shellScript = "\"${PODS_ROOT}/Target Support Files/Pods-TuringMachine/Pods-TuringMachine-frameworks.sh\"\n";
			showEnvVarsInLog = 0;
		};
		CAF59A602A7B7B8200813B9C /* SwiftLint */ = {
			isa = PBXShellScriptBuildPhase;
			alwaysOutOfDate = 1;
			buildActionMask = 2147483647;
			files = (
			);
			inputFileListPaths = (
			);
			inputPaths = (
			);
			name = SwiftLint;
			outputFileListPaths = (
			);
			outputPaths = (
			);
			runOnlyForDeploymentPostprocessing = 0;
			shellPath = /bin/sh;
			shellScript = "\"${PODS_ROOT}/SwiftLint/swiftlint\"\n";
		};
		CAF59A612A7B7BC600813B9C /* SwiftFormat */ = {
			isa = PBXShellScriptBuildPhase;
			alwaysOutOfDate = 1;
			buildActionMask = 2147483647;
			files = (
			);
			inputFileListPaths = (
			);
			inputPaths = (
			);
			name = SwiftFormat;
			outputFileListPaths = (
			);
			outputPaths = (
			);
			runOnlyForDeploymentPostprocessing = 0;
			shellPath = /bin/sh;
			shellScript = "\"${PODS_ROOT}/SwiftFormat/CommandLineTool/swiftformat\" \"$SRCROOT\"\n";
		};
/* End PBXShellScriptBuildPhase section */

/* Begin PBXSourcesBuildPhase section */
		CAF59A4B2A7B713400813B9C /* Sources */ = {
			isa = PBXSourcesBuildPhase;
			buildActionMask = 2147483647;
			files = (
				CAF59A932A7CD39F00813B9C /* HomeViewModel.swift in Sources */,
				CAF59A722A7B8B9700813B9C /* HomeView.swift in Sources */,
				CAF59A9B2A7D3CC700813B9C /* ProblemSelectionView.swift in Sources */,
				CAF59A9D2A7D3DD000813B9C /* LoadingView.swift in Sources */,
				CAF59A7B2A7BA9C900813B9C /* RegisterViewModel.swift in Sources */,
				CAF59A952A7D0DA100813B9C /* ProblemService.swift in Sources */,
				CAF59A812A7C17E100813B9C /* UserService.swift in Sources */,
				CAF59AA32A7D4ECF00813B9C /* QuestionViewModel.swift in Sources */,
				CAF59A792A7B9DE400813B9C /* RegisterView.swift in Sources */,
				CAF59A8F2A7CD1D200813B9C /* GameViewModel.swift in Sources */,
				CAF59A8D2A7CD16900813B9C /* WebSocket.swift in Sources */,
				CAF59A7D2A7C0F4600813B9C /* NetworkManager.swift in Sources */,
				CAF59AA92A7EC13600813B9C /* ThreeDigitPicker.swift in Sources */,
				CAF59A832A7C182200813B9C /* Serviceable.swift in Sources */,
				CAF59AA72A7EB91500813B9C /* ThumbViewModel.swift in Sources */,
				CAF59A992A7D160500813B9C /* GameService.swift in Sources */,
				CAF59A762A7B90C700813B9C /* MainNavigation.swift in Sources */,
				CAF59A7F2A7C16F500813B9C /* Error.swift in Sources */,
				CAF59A532A7B713400813B9C /* TuringMachineApp.swift in Sources */,
				CAF59AA12A7D4E7E00813B9C /* QuestionView.swift in Sources */,
				CAF59A872A7C310C00813B9C /* Defaults.swift in Sources */,
				CAF59A972A7D159F00813B9C /* Game.swift in Sources */,
				CAF59A9F2A7D47BD00813B9C /* ProblemSelectionViewModel.swift in Sources */,
				CAF59AA52A7EB87300813B9C /* ThumbView.swift in Sources */,
				CAF59A912A7CD29100813B9C /* Problem.swift in Sources */,
				CAF59A742A7B8E4900813B9C /* CTAButton.swift in Sources */,
				CAF59A892A7CBC1400813B9C /* GameView.swift in Sources */,
				CAF59A852A7C187E00813B9C /* User.swift in Sources */,
			);
			runOnlyForDeploymentPostprocessing = 0;
		};
/* End PBXSourcesBuildPhase section */

/* Begin XCBuildConfiguration section */
		CAF59A5B2A7B713500813B9C /* Debug */ = {
			isa = XCBuildConfiguration;
			buildSettings = {
				ALWAYS_SEARCH_USER_PATHS = NO;
				CLANG_ANALYZER_NONNULL = YES;
				CLANG_ANALYZER_NUMBER_OBJECT_CONVERSION = YES_AGGRESSIVE;
				CLANG_CXX_LANGUAGE_STANDARD = "gnu++20";
				CLANG_ENABLE_MODULES = YES;
				CLANG_ENABLE_OBJC_ARC = YES;
				CLANG_ENABLE_OBJC_WEAK = YES;
				CLANG_WARN_BLOCK_CAPTURE_AUTORELEASING = YES;
				CLANG_WARN_BOOL_CONVERSION = YES;
				CLANG_WARN_COMMA = YES;
				CLANG_WARN_CONSTANT_CONVERSION = YES;
				CLANG_WARN_DEPRECATED_OBJC_IMPLEMENTATIONS = YES;
				CLANG_WARN_DIRECT_OBJC_ISA_USAGE = YES_ERROR;
				CLANG_WARN_DOCUMENTATION_COMMENTS = YES;
				CLANG_WARN_EMPTY_BODY = YES;
				CLANG_WARN_ENUM_CONVERSION = YES;
				CLANG_WARN_INFINITE_RECURSION = YES;
				CLANG_WARN_INT_CONVERSION = YES;
				CLANG_WARN_NON_LITERAL_NULL_CONVERSION = YES;
				CLANG_WARN_OBJC_IMPLICIT_RETAIN_SELF = YES;
				CLANG_WARN_OBJC_LITERAL_CONVERSION = YES;
				CLANG_WARN_OBJC_ROOT_CLASS = YES_ERROR;
				CLANG_WARN_QUOTED_INCLUDE_IN_FRAMEWORK_HEADER = YES;
				CLANG_WARN_RANGE_LOOP_ANALYSIS = YES;
				CLANG_WARN_STRICT_PROTOTYPES = YES;
				CLANG_WARN_SUSPICIOUS_MOVE = YES;
				CLANG_WARN_UNGUARDED_AVAILABILITY = YES_AGGRESSIVE;
				CLANG_WARN_UNREACHABLE_CODE = YES;
				CLANG_WARN__DUPLICATE_METHOD_MATCH = YES;
				COPY_PHASE_STRIP = NO;
				DEBUG_INFORMATION_FORMAT = dwarf;
				ENABLE_STRICT_OBJC_MSGSEND = YES;
				ENABLE_TESTABILITY = YES;
				GCC_C_LANGUAGE_STANDARD = gnu11;
				GCC_DYNAMIC_NO_PIC = NO;
				GCC_NO_COMMON_BLOCKS = YES;
				GCC_OPTIMIZATION_LEVEL = 0;
				GCC_PREPROCESSOR_DEFINITIONS = (
					"DEBUG=1",
					"$(inherited)",
				);
				GCC_WARN_64_TO_32_BIT_CONVERSION = YES;
				GCC_WARN_ABOUT_RETURN_TYPE = YES_ERROR;
				GCC_WARN_UNDECLARED_SELECTOR = YES;
				GCC_WARN_UNINITIALIZED_AUTOS = YES_AGGRESSIVE;
				GCC_WARN_UNUSED_FUNCTION = YES;
				GCC_WARN_UNUSED_VARIABLE = YES;
				INFOPLIST_KEY_CFBundleDisplayName = "Turing Machine";
				IPHONEOS_DEPLOYMENT_TARGET = 16.4;
				MTL_ENABLE_DEBUG_INFO = INCLUDE_SOURCE;
				MTL_FAST_MATH = YES;
				ONLY_ACTIVE_ARCH = YES;
				SDKROOT = iphoneos;
				SWIFT_ACTIVE_COMPILATION_CONDITIONS = DEBUG;
				SWIFT_OPTIMIZATION_LEVEL = "-Onone";
			};
			name = Debug;
		};
		CAF59A5C2A7B713500813B9C /* Release */ = {
			isa = XCBuildConfiguration;
			buildSettings = {
				ALWAYS_SEARCH_USER_PATHS = NO;
				CLANG_ANALYZER_NONNULL = YES;
				CLANG_ANALYZER_NUMBER_OBJECT_CONVERSION = YES_AGGRESSIVE;
				CLANG_CXX_LANGUAGE_STANDARD = "gnu++20";
				CLANG_ENABLE_MODULES = YES;
				CLANG_ENABLE_OBJC_ARC = YES;
				CLANG_ENABLE_OBJC_WEAK = YES;
				CLANG_WARN_BLOCK_CAPTURE_AUTORELEASING = YES;
				CLANG_WARN_BOOL_CONVERSION = YES;
				CLANG_WARN_COMMA = YES;
				CLANG_WARN_CONSTANT_CONVERSION = YES;
				CLANG_WARN_DEPRECATED_OBJC_IMPLEMENTATIONS = YES;
				CLANG_WARN_DIRECT_OBJC_ISA_USAGE = YES_ERROR;
				CLANG_WARN_DOCUMENTATION_COMMENTS = YES;
				CLANG_WARN_EMPTY_BODY = YES;
				CLANG_WARN_ENUM_CONVERSION = YES;
				CLANG_WARN_INFINITE_RECURSION = YES;
				CLANG_WARN_INT_CONVERSION = YES;
				CLANG_WARN_NON_LITERAL_NULL_CONVERSION = YES;
				CLANG_WARN_OBJC_IMPLICIT_RETAIN_SELF = YES;
				CLANG_WARN_OBJC_LITERAL_CONVERSION = YES;
				CLANG_WARN_OBJC_ROOT_CLASS = YES_ERROR;
				CLANG_WARN_QUOTED_INCLUDE_IN_FRAMEWORK_HEADER = YES;
				CLANG_WARN_RANGE_LOOP_ANALYSIS = YES;
				CLANG_WARN_STRICT_PROTOTYPES = YES;
				CLANG_WARN_SUSPICIOUS_MOVE = YES;
				CLANG_WARN_UNGUARDED_AVAILABILITY = YES_AGGRESSIVE;
				CLANG_WARN_UNREACHABLE_CODE = YES;
				CLANG_WARN__DUPLICATE_METHOD_MATCH = YES;
				COPY_PHASE_STRIP = NO;
				DEBUG_INFORMATION_FORMAT = "dwarf-with-dsym";
				ENABLE_NS_ASSERTIONS = NO;
				ENABLE_STRICT_OBJC_MSGSEND = YES;
				GCC_C_LANGUAGE_STANDARD = gnu11;
				GCC_NO_COMMON_BLOCKS = YES;
				GCC_WARN_64_TO_32_BIT_CONVERSION = YES;
				GCC_WARN_ABOUT_RETURN_TYPE = YES_ERROR;
				GCC_WARN_UNDECLARED_SELECTOR = YES;
				GCC_WARN_UNINITIALIZED_AUTOS = YES_AGGRESSIVE;
				GCC_WARN_UNUSED_FUNCTION = YES;
				GCC_WARN_UNUSED_VARIABLE = YES;
				INFOPLIST_KEY_CFBundleDisplayName = "Turing Machine";
				IPHONEOS_DEPLOYMENT_TARGET = 16.4;
				MTL_ENABLE_DEBUG_INFO = NO;
				MTL_FAST_MATH = YES;
				SDKROOT = iphoneos;
				SWIFT_COMPILATION_MODE = wholemodule;
				SWIFT_OPTIMIZATION_LEVEL = "-O";
				VALIDATE_PRODUCT = YES;
			};
			name = Release;
		};
		CAF59A5E2A7B713500813B9C /* Debug */ = {
			isa = XCBuildConfiguration;
			baseConfigurationReference = 04CB4784166E4B9C3DCC71E4 /* Pods-TuringMachine.debug.xcconfig */;
			buildSettings = {
				ASSETCATALOG_COMPILER_APPICON_NAME = AppIcon;
				ASSETCATALOG_COMPILER_GLOBAL_ACCENT_COLOR_NAME = AccentColor;
				CODE_SIGN_STYLE = Automatic;
				CURRENT_PROJECT_VERSION = 1;
				DEVELOPMENT_ASSET_PATHS = "\"TuringMachine/Preview Content\"";
				DEVELOPMENT_TEAM = L25PRW3XCF;
				ENABLE_PREVIEWS = YES;
				GENERATE_INFOPLIST_FILE = YES;
				INFOPLIST_KEY_UIApplicationSceneManifest_Generation = YES;
				INFOPLIST_KEY_UIApplicationSupportsIndirectInputEvents = YES;
				INFOPLIST_KEY_UILaunchScreen_Generation = YES;
				INFOPLIST_KEY_UISupportedInterfaceOrientations_iPad = "UIInterfaceOrientationPortrait UIInterfaceOrientationPortraitUpsideDown UIInterfaceOrientationLandscapeLeft UIInterfaceOrientationLandscapeRight";
				INFOPLIST_KEY_UISupportedInterfaceOrientations_iPhone = "UIInterfaceOrientationPortrait UIInterfaceOrientationLandscapeLeft UIInterfaceOrientationLandscapeRight";
				IPHONEOS_DEPLOYMENT_TARGET = 15.0;
				LD_RUNPATH_SEARCH_PATHS = (
					"$(inherited)",
					"@executable_path/Frameworks",
				);
				MARKETING_VERSION = 1.0;
				OTHER_LDFLAGS = (
					"$(inherited)",
					"-framework",
					"\"InjectHotReload\"",
					"-Xlinker",
					"-interposable",
				);
				PRODUCT_BUNDLE_IDENTIFIER = com.kiwhan.TuringMachine;
				PRODUCT_NAME = "$(TARGET_NAME)";
				SWIFT_EMIT_LOC_STRINGS = YES;
				SWIFT_VERSION = 5.0;
				TARGETED_DEVICE_FAMILY = "1,2";
			};
			name = Debug;
		};
		CAF59A5F2A7B713500813B9C /* Release */ = {
			isa = XCBuildConfiguration;
			baseConfigurationReference = 9FB265AE9BDD7CEC2CC2F7E8 /* Pods-TuringMachine.release.xcconfig */;
			buildSettings = {
				ASSETCATALOG_COMPILER_APPICON_NAME = AppIcon;
				ASSETCATALOG_COMPILER_GLOBAL_ACCENT_COLOR_NAME = AccentColor;
				CODE_SIGN_STYLE = Automatic;
				CURRENT_PROJECT_VERSION = 1;
				DEVELOPMENT_ASSET_PATHS = "\"TuringMachine/Preview Content\"";
				DEVELOPMENT_TEAM = L25PRW3XCF;
				ENABLE_PREVIEWS = YES;
				GENERATE_INFOPLIST_FILE = YES;
				INFOPLIST_KEY_UIApplicationSceneManifest_Generation = YES;
				INFOPLIST_KEY_UIApplicationSupportsIndirectInputEvents = YES;
				INFOPLIST_KEY_UILaunchScreen_Generation = YES;
				INFOPLIST_KEY_UISupportedInterfaceOrientations_iPad = "UIInterfaceOrientationPortrait UIInterfaceOrientationPortraitUpsideDown UIInterfaceOrientationLandscapeLeft UIInterfaceOrientationLandscapeRight";
				INFOPLIST_KEY_UISupportedInterfaceOrientations_iPhone = "UIInterfaceOrientationPortrait UIInterfaceOrientationLandscapeLeft UIInterfaceOrientationLandscapeRight";
				IPHONEOS_DEPLOYMENT_TARGET = 15.0;
				LD_RUNPATH_SEARCH_PATHS = (
					"$(inherited)",
					"@executable_path/Frameworks",
				);
				MARKETING_VERSION = 1.0;
				PRODUCT_BUNDLE_IDENTIFIER = com.kiwhan.TuringMachine;
				PRODUCT_NAME = "$(TARGET_NAME)";
				SWIFT_EMIT_LOC_STRINGS = YES;
				SWIFT_VERSION = 5.0;
				TARGETED_DEVICE_FAMILY = "1,2";
			};
			name = Release;
		};
/* End XCBuildConfiguration section */

/* Begin XCConfigurationList section */
		CAF59A4A2A7B713400813B9C /* Build configuration list for PBXProject "TuringMachine" */ = {
			isa = XCConfigurationList;
			buildConfigurations = (
				CAF59A5B2A7B713500813B9C /* Debug */,
				CAF59A5C2A7B713500813B9C /* Release */,
			);
			defaultConfigurationIsVisible = 0;
			defaultConfigurationName = Release;
		};
		CAF59A5D2A7B713500813B9C /* Build configuration list for PBXNativeTarget "TuringMachine" */ = {
			isa = XCConfigurationList;
			buildConfigurations = (
				CAF59A5E2A7B713500813B9C /* Debug */,
				CAF59A5F2A7B713500813B9C /* Release */,
			);
			defaultConfigurationIsVisible = 0;
			defaultConfigurationName = Release;
		};
/* End XCConfigurationList section */
	};
	rootObject = CAF59A472A7B713400813B9C /* Project object */;
}
